
Microsoft Visual Studio Solution File, Format Version 12.00
# Visual Studio Version 17
VisualStudioVersion = 17.5.33516.290
MinimumVisualStudioVersion = 10.0.40219.1
Project("{9A19103F-16F7-4668-BE54-9A1E7A4F7556}") = "Buoi1", "Buoi1\Buoi1.csproj", "{3680A2B2-77A7-47DA-98C8-C9C49D7806B6}"
EndProject
Project("{9A19103F-16F7-4668-BE54-9A1E7A4F7556}") = "Buoi2", "Buoi2\Buoi2.csproj", "{04E8B6D4-8BFD-46A4-9E36-361E81539BAA}"
EndProject
Project("{9A19103F-16F7-4668-BE54-9A1E7A4F7556}") = "Bt_Buoi2", "Bt_Buoi2\Bt_Buoi2.csproj", "{510918C2-2A18-49FD-8E1F-842733F94F64}"
EndProject
Project("{9A19103F-16F7-4668-BE54-9A1E7A4F7556}") = "Buoi3", "Buoi3\Buoi3.csproj", "{500F097F-8D83-425B-9E4C-01A36B938288}"
EndProject
Project("{9A19103F-16F7-4668-BE54-9A1E7A4F7556}") = "Buoi4_Code", "Buoi4_Code\Buoi4_Code.csproj", "{9A79C1DB-0D58-4EE2-B790-4D2D74E57BAA}"
EndProject
Global
	GlobalSection(SolutionConfigurationPlatforms) = preSolution
		Debug|Any CPU = Debug|Any CPU
		Release|Any CPU = Release|Any CPU
	EndGlobalSection
	GlobalSection(ProjectConfigurationPlatforms) = postSolution
		{3680A2B2-77A7-47DA-98C8-C9C49D7806B6}.Debug|Any CPU.ActiveCfg = Debug|Any CPU
		{3680A2B2-77A7-47DA-98C8-C9C49D7806B6}.Debug|Any CPU.Build.0 = Debug|Any CPU
		{3680A2B2-77A7-47DA-98C8-C9C49D7806B6}.Release|Any CPU.ActiveCfg = Release|Any CPU
		{3680A2B2-77A7-47DA-98C8-C9C49D7806B6}.Release|Any CPU.Build.0 = Release|Any CPU
		{04E8B6D4-8BFD-46A4-9E36-361E81539BAA}.Debug|Any CPU.ActiveCfg = Debug|Any CPU
		{04E8B6D4-8BFD-46A4-9E36-361E81539BAA}.Debug|Any CPU.Build.0 = Debug|Any CPU
		{04E8B6D4-8BFD-46A4-9E36-361E81539BAA}.Release|Any CPU.ActiveCfg = Release|Any CPU
		{04E8B6D4-8BFD-46A4-9E36-361E81539BAA}.Release|Any CPU.Build.0 = Release|Any CPU
		{510918C2-2A18-49FD-8E1F-842733F94F64}.Debug|Any CPU.ActiveCfg = Debug|Any CPU
		{510918C2-2A18-49FD-8E1F-842733F94F64}.Debug|Any CPU.Build.0 = Debug|Any CPU
		{510918C2-2A18-49FD-8E1F-842733F94F64}.Release|Any CPU.ActiveCfg = Release|Any CPU
		{510918C2-2A18-49FD-8E1F-842733F94F64}.Release|Any CPU.Build.0 = Release|Any CPU
		{500F097F-8D83-425B-9E4C-01A36B938288}.Debug|Any CPU.ActiveCfg = Debug|Any CPU
		{500F097F-8D83-425B-9E4C-01A36B938288}.Debug|Any CPU.Build.0 = Debug|Any CPU
		{500F097F-8D83-425B-9E4C-01A36B938288}.Release|Any CPU.ActiveCfg = Release|Any CPU
		{500F097F-8D83-425B-9E4C-01A36B938288}.Release|Any CPU.Build.0 = Release|Any CPU
		{9A79C1DB-0D58-4EE2-B790-4D2D74E57BAA}.Debug|Any CPU.ActiveCfg = Debug|Any CPU
		{9A79C1DB-0D58-4EE2-B790-4D2D74E57BAA}.Debug|Any CPU.Build.0 = Debug|Any CPU
		{9A79C1DB-0D58-4EE2-B790-4D2D74E57BAA}.Release|Any CPU.ActiveCfg = Release|Any CPU
		{9A79C1DB-0D58-4EE2-B790-4D2D74E57BAA}.Release|Any CPU.Build.0 = Release|Any CPU
	EndGlobalSection
	GlobalSection(SolutionProperties) = preSolution
		HideSolutionNode = FALSE
	EndGlobalSection
	GlobalSection(ExtensibilityGlobals) = postSolution
		SolutionGuid = {B46A82C9-93E2-4333-AD9D-5708B9FB7201}
	EndGlobalSection
EndGlobal
