
Microsoft Visual Studio Solution File, Format Version 12.00
# Visual Studio Version 17
VisualStudioVersion = 17.6.33815.320
MinimumVisualStudioVersion = 10.0.40219.1
Project("{9A19103F-16F7-4668-BE54-9A1E7A4F7556}") = "Buoi4", "Buoi4.csproj", "{D7D9CFF4-99AE-4C9E-8756-729B19B023F6}"
EndProject
Global
	GlobalSection(SolutionConfigurationPlatforms) = preSolution
		Debug|Any CPU = Debug|Any CPU
		Release|Any CPU = Release|Any CPU
	EndGlobalSection
	GlobalSection(ProjectConfigurationPlatforms) = postSolution
		{D7D9CFF4-99AE-4C9E-8756-729B19B023F6}.Debug|Any CPU.ActiveCfg = Debug|Any CPU
		{D7D9CFF4-99AE-4C9E-8756-729B19B023F6}.Debug|Any CPU.Build.0 = Debug|Any CPU
		{D7D9CFF4-99AE-4C9E-8756-729B19B023F6}.Release|Any CPU.ActiveCfg = Release|Any CPU
		{D7D9CFF4-99AE-4C9E-8756-729B19B023F6}.Release|Any CPU.Build.0 = Release|Any CPU
	EndGlobalSection
	GlobalSection(SolutionProperties) = preSolution
		HideSolutionNode = FALSE
	EndGlobalSection
	GlobalSection(ExtensibilityGlobals) = postSolution
		SolutionGuid = {6BFA1C0F-3D7F-4962-A022-C69583B7BDB3}
	EndGlobalSection
EndGlobal
